{
  "name": "youtube-easy-volume",
  "lockfileVersion": 3,
  "requires": true,
  "packages": {
    "": {
      "devDependencies": {
        "@types/chrome": "^0.0.253",
        "typescript": "^5.3.2"
      }
    },
    "node_modules/@types/chrome": {
      "version": "0.0.253",
      "resolved": "https://registry.npmjs.org/@types/chrome/-/chrome-0.0.253.tgz",
      "integrity": "sha512-ZnBlbeoje0XaBrJbFCXI8DsDfqvqdoWQO5NSGecMCHFC8W8z/rb/n7lI1FHob+TFKKLR4L2c3QJJSFLwtVc9TA==",
      "dev": true,
      "dependencies": {
        "@types/filesystem": "*",
        "@types/har-format": "*"
      }
    },
    "node_modules/@types/filesystem": {
      "version": "0.0.35",
      "resolved": "https://registry.npmjs.org/@types/filesystem/-/filesystem-0.0.35.tgz",
      "integrity": "sha512-1eKvCaIBdrD2mmMgy5dwh564rVvfEhZTWVQQGRNn0Nt4ZEnJ0C8oSUCzvMKRA4lGde5oEVo+q2MrTTbV/GHDCQ==",
      "dev": true,
      "dependencies": {
        "@types/filewriter": "*"
      }
    },
    "node_modules/@types/filewriter": {
      "version": "0.0.32",
      "resolved": "https://registry.npmjs.org/@types/filewriter/-/filewriter-0.0.32.tgz",
      "integrity": "sha512-Kpi2GXQyYJdjL8mFclL1eDgihn1SIzorMZjD94kdPZh9E4VxGOeyjPxi5LpsM4Zku7P0reqegZTt2GxhmA9VBg==",
      "dev": true
    },
    "node_modules/@types/har-format": {
      "version": "1.2.15",
      "resolved": "https://registry.npmjs.org/@types/har-format/-/har-format-1.2.15.tgz",
      "integrity": "sha512-RpQH4rXLuvTXKR0zqHq3go0RVXYv/YVqv4TnPH95VbwUxZdQlK1EtcMvQvMpDngHbt13Csh9Z4qT9AbkiQH5BA==",
      "dev": true
    },
    "node_modules/typescript": {
      "version": "5.3.2",
      "resolved": "https://registry.npmjs.org/typescript/-/typescript-5.3.2.tgz",
      "integrity": "sha512-6l+RyNy7oAHDfxC4FzSJcz9vnjTKxrLpDG5M2Vu4SHRVNg6xzqZp6LYSR9zjqQTu8DU/f5xwxUdADOkbrIX2gQ==",
      "dev": true,
      "bin": {
        "tsc": "bin/tsc",
        "tsserver": "bin/tsserver"
      },
      "engines": {
        "node": ">=14.17"
      }
    }
  }
}
